
Microsoft Visual Studio Solution File, Format Version 12.00
# Visual Studio 2012
Project("{FAE04EC0-301F-11D3-BF4B-00C04F79EFBC}") = "MonoDevelop.TaskRunner", "MonoDevelop.TaskRunner\MonoDevelop.TaskRunner.csproj", "{8800D37C-6267-41A1-99E6-6E5D5C3BF213}"
EndProject
Global
	GlobalSection(SolutionConfigurationPlatforms) = preSolution
		Debug|Any CPU = Debug|Any CPU
		Release|Any CPU = Release|Any CPU
	EndGlobalSection
	GlobalSection(ProjectConfigurationPlatforms) = postSolution
		{8800D37C-6267-41A1-99E6-6E5D5C3BF213}.Debug|Any CPU.ActiveCfg = Debug|Any CPU
		{8800D37C-6267-41A1-99E6-6E5D5C3BF213}.Debug|Any CPU.Build.0 = Debug|Any CPU
		{8800D37C-6267-41A1-99E6-6E5D5C3BF213}.Release|Any CPU.ActiveCfg = Release|Any CPU
		{8800D37C-6267-41A1-99E6-6E5D5C3BF213}.Release|Any CPU.Build.0 = Release|Any CPU
	EndGlobalSection
EndGlobal
